// !$*UTF8*$!
{
	archiveVersion = 1;
	classes = {
	};
	objectVersion = 50;
	objects = {

/* Begin PBXBuildFile section */
		5B17ADA53467D5E0B826B806 /* libPods-Ovatar-iOS-MontageTests.a in Frameworks */ = {isa = PBXBuildFile; fileRef = 281F72D5B37504CCC52B79DD /* libPods-Ovatar-iOS-MontageTests.a */; };
		771C4A5F212D116E0099EBC9 /* complete_sfx.mp3 in Resources */ = {isa = PBXBuildFile; fileRef = 771C4A5E212D116E0099EBC9 /* complete_sfx.mp3 */; };
		772E2480213527130025DD85 /* OFeedbackController.m in Sources */ = {isa = PBXBuildFile; fileRef = 772E247F213527130025DD85 /* OFeedbackController.m */; };
		772E2483213528060025DD85 /* UITextView+Placeholder.m in Sources */ = {isa = PBXBuildFile; fileRef = 772E2482213528060025DD85 /* UITextView+Placeholder.m */; };
		772E248E2136B0BF0025DD85 /* NSTimer+Block.m in Sources */ = {isa = PBXBuildFile; fileRef = 772E248C2136B0BE0025DD85 /* NSTimer+Block.m */; };
		772E24922136C8070025DD85 /* Montage-App-Loop.mov in Resources */ = {isa = PBXBuildFile; fileRef = 772E24912136C8070025DD85 /* Montage-App-Loop.mov */; };
		772E24952136C8DE0025DD85 /* OTickerLabel.m in Sources */ = {isa = PBXBuildFile; fileRef = 772E24942136C8DE0025DD85 /* OTickerLabel.m */; };
		77465C3D2122974300EAF97E /* NSlackObject.m in Sources */ = {isa = PBXBuildFile; fileRef = 77465C3B2122974300EAF97E /* NSlackObject.m */; };
		77465C4321229DCE00EAF97E /* OSettingsHeader.m in Sources */ = {isa = PBXBuildFile; fileRef = 77465C4221229DCE00EAF97E /* OSettingsHeader.m */; };
		77465C462124078300EAF97E /* OExportObject.m in Sources */ = {isa = PBXBuildFile; fileRef = 77465C452124078300EAF97E /* OExportObject.m */; };
		77465C4921242D6D00EAF97E /* OStoriesLayout.m in Sources */ = {isa = PBXBuildFile; fileRef = 77465C4821242D6D00EAF97E /* OStoriesLayout.m */; };
		77465CAC2125B7CA00EAF97E /* PHAsset+Utility.m in Sources */ = {isa = PBXBuildFile; fileRef = 77465CAA2125B7CA00EAF97E /* PHAsset+Utility.m */; };
		77465CAF2125B8CC00EAF97E /* OInformationLabel.m in Sources */ = {isa = PBXBuildFile; fileRef = 77465CAE2125B8CC00EAF97E /* OInformationLabel.m */; };
		77DF60AA211DBA4D00073439 /* AppDelegate.m in Sources */ = {isa = PBXBuildFile; fileRef = 77DF60A9211DBA4D00073439 /* AppDelegate.m */; };
		77DF60B0211DBA4D00073439 /* Main.storyboard in Resources */ = {isa = PBXBuildFile; fileRef = 77DF60AE211DBA4D00073439 /* Main.storyboard */; };
		77DF60B2211DBA5200073439 /* Assets.xcassets in Resources */ = {isa = PBXBuildFile; fileRef = 77DF60B1211DBA5200073439 /* Assets.xcassets */; };
		77DF60B5211DBA5200073439 /* LaunchScreen.storyboard in Resources */ = {isa = PBXBuildFile; fileRef = 77DF60B3211DBA5200073439 /* LaunchScreen.storyboard */; };
		77DF60B8211DBA5200073439 /* main.m in Sources */ = {isa = PBXBuildFile; fileRef = 77DF60B7211DBA5200073439 /* main.m */; };
		77DF60C2211DBA5200073439 /* Ovatar_iOS_MontageTests.m in Sources */ = {isa = PBXBuildFile; fileRef = 77DF60C1211DBA5200073439 /* Ovatar_iOS_MontageTests.m */; };
		77DF60CD211DBA5200073439 /* Ovatar_iOS_MontageUITests.m in Sources */ = {isa = PBXBuildFile; fileRef = 77DF60CC211DBA5200073439 /* Ovatar_iOS_MontageUITests.m */; };
		77DF60DF211DBA7C00073439 /* ODataModel.xcdatamodeld in Sources */ = {isa = PBXBuildFile; fileRef = 77DF60DC211DBA7C00073439 /* ODataModel.xcdatamodeld */; };
		77DF60E7211DBAA200073439 /* Muli-Black.ttf in Resources */ = {isa = PBXBuildFile; fileRef = 77DF60E2211DBAA200073439 /* Muli-Black.ttf */; };
		77DF60E8211DBAA200073439 /* Muli-Bold.ttf in Resources */ = {isa = PBXBuildFile; fileRef = 77DF60E3211DBAA200073439 /* Muli-Bold.ttf */; };
		77DF60E9211DBAA200073439 /* Muli-SemiBold.ttf in Resources */ = {isa = PBXBuildFile; fileRef = 77DF60E4211DBAA200073439 /* Muli-SemiBold.ttf */; };
		77DF60EA211DBAA200073439 /* Muli-Light.ttf in Resources */ = {isa = PBXBuildFile; fileRef = 77DF60E5211DBAA200073439 /* Muli-Light.ttf */; };
		77DF60EB211DBAA200073439 /* Muli-Regular.ttf in Resources */ = {isa = PBXBuildFile; fileRef = 77DF60E6211DBAA200073439 /* Muli-Regular.ttf */; };
		77DF610F211DBAAE00073439 /* OGalleryCell.m in Sources */ = {isa = PBXBuildFile; fileRef = 77DF60F0211DBAAE00073439 /* OGalleryCell.m */; };
		77DF6110211DBAAE00073439 /* ODayCell.m in Sources */ = {isa = PBXBuildFile; fileRef = 77DF60F2211DBAAE00073439 /* ODayCell.m */; };
		77DF6112211DBAAE00073439 /* OTitleView.m in Sources */ = {isa = PBXBuildFile; fileRef = 77DF60F5211DBAAE00073439 /* OTitleView.m */; };
		77DF6113211DBAAE00073439 /* OActionButton.m in Sources */ = {isa = PBXBuildFile; fileRef = 77DF60F7211DBAAE00073439 /* OActionButton.m */; };
		77DF6114211DBAAE00073439 /* OSettingsController.m in Sources */ = {isa = PBXBuildFile; fileRef = 77DF60F9211DBAAE00073439 /* OSettingsController.m */; };
		77DF6115211DBAAE00073439 /* OMainController.m in Sources */ = {isa = PBXBuildFile; fileRef = 77DF60FB211DBAAE00073439 /* OMainController.m */; };
		77DF6116211DBAAE00073439 /* OEntryController.m in Sources */ = {isa = PBXBuildFile; fileRef = 77DF6101211DBAAE00073439 /* OEntryController.m */; };
		77DF6117211DBAAE00073439 /* OGalleryPickerController.m in Sources */ = {isa = PBXBuildFile; fileRef = 77DF6102211DBAAE00073439 /* OGalleryPickerController.m */; };
		77DF6118211DBAAE00073439 /* OPermissionsController.m in Sources */ = {isa = PBXBuildFile; fileRef = 77DF6104211DBAAE00073439 /* OPermissionsController.m */; };
		77DF6119211DBAAE00073439 /* OPresentationController.m in Sources */ = {isa = PBXBuildFile; fileRef = 77DF6106211DBAAE00073439 /* OPresentationController.m */; };
		77DF611B211DBAAE00073439 /* ODataObject.m in Sources */ = {isa = PBXBuildFile; fileRef = 77DF6109211DBAAE00073439 /* ODataObject.m */; };
		77DF611C211DBAAE00073439 /* OImageObject.m in Sources */ = {isa = PBXBuildFile; fileRef = 77DF610A211DBAAE00073439 /* OImageObject.m */; };
		77DF611D211DBAAE00073439 /* OPaymentObject.m in Sources */ = {isa = PBXBuildFile; fileRef = 77DF610B211DBAAE00073439 /* OPaymentObject.m */; };
		77DF6120211DBAD300073439 /* Localizable.strings in Resources */ = {isa = PBXBuildFile; fileRef = 77DF6122211DBAD300073439 /* Localizable.strings */; };
		77DF612B211EB76F00073439 /* ONotificationView.m in Sources */ = {isa = PBXBuildFile; fileRef = 77DF612A211EB76F00073439 /* ONotificationView.m */; };
		77DF612E21200A9A00073439 /* OLoaderView.m in Sources */ = {isa = PBXBuildFile; fileRef = 77DF612D21200A9A00073439 /* OLoaderView.m */; };
		77DF613121200E1C00073439 /* OSettingsCell.m in Sources */ = {isa = PBXBuildFile; fileRef = 77DF613021200E1C00073439 /* OSettingsCell.m */; };
		93971367691F43912D15DFB5 /* libPods-Ovatar-iOS-MontageUITests.a in Frameworks */ = {isa = PBXBuildFile; fileRef = 5AFFEFC2AA1DB7624801A4AB /* libPods-Ovatar-iOS-MontageUITests.a */; };
		E9BF044E69E635045C507491 /* libPods-Ovatar-iOS-Montage.a in Frameworks */ = {isa = PBXBuildFile; fileRef = E0FAC231F6935BCB6E990D3D /* libPods-Ovatar-iOS-Montage.a */; };
/* End PBXBuildFile section */

/* Begin PBXContainerItemProxy section */
		77DF60BE211DBA5200073439 /* PBXContainerItemProxy */ = {
			isa = PBXContainerItemProxy;
			containerPortal = 77DF609D211DBA4D00073439 /* Project object */;
			proxyType = 1;
			remoteGlobalIDString = 77DF60A4211DBA4D00073439;
			remoteInfo = "Ovatar-iOS-Montage";
		};
		77DF60C9211DBA5200073439 /* PBXContainerItemProxy */ = {
			isa = PBXContainerItemProxy;
			containerPortal = 77DF609D211DBA4D00073439 /* Project object */;
			proxyType = 1;
			remoteGlobalIDString = 77DF60A4211DBA4D00073439;
			remoteInfo = "Ovatar-iOS-Montage";
		};
/* End PBXContainerItemProxy section */

/* Begin PBXFileReference section */
		281F72D5B37504CCC52B79DD /* libPods-Ovatar-iOS-MontageTests.a */ = {isa = PBXFileReference; explicitFileType = archive.ar; includeInIndex = 0; path = "libPods-Ovatar-iOS-MontageTests.a"; sourceTree = BUILT_PRODUCTS_DIR; };
		3C5E8396CE143657E33DDA8A /* Pods-Ovatar-iOS-MontageTests.release.xcconfig */ = {isa = PBXFileReference; includeInIndex = 1; lastKnownFileType = text.xcconfig; name = "Pods-Ovatar-iOS-MontageTests.release.xcconfig"; path = "Pods/Target Support Files/Pods-Ovatar-iOS-MontageTests/Pods-Ovatar-iOS-MontageTests.release.xcconfig"; sourceTree = "<group>"; };
		4FC9D68DF616759529730870 /* Pods-Ovatar-iOS-MontageTests.debug.xcconfig */ = {isa = PBXFileReference; includeInIndex = 1; lastKnownFileType = text.xcconfig; name = "Pods-Ovatar-iOS-MontageTests.debug.xcconfig"; path = "Pods/Target Support Files/Pods-Ovatar-iOS-MontageTests/Pods-Ovatar-iOS-MontageTests.debug.xcconfig"; sourceTree = "<group>"; };
		5AFFEFC2AA1DB7624801A4AB /* libPods-Ovatar-iOS-MontageUITests.a */ = {isa = PBXFileReference; explicitFileType = archive.ar; includeInIndex = 0; path = "libPods-Ovatar-iOS-MontageUITests.a"; sourceTree = BUILT_PRODUCTS_DIR; };
		771C4A5E212D116E0099EBC9 /* complete_sfx.mp3 */ = {isa = PBXFileReference; lastKnownFileType = audio.mp3; path = complete_sfx.mp3; sourceTree = "<group>"; };
		772E247E213527130025DD85 /* OFeedbackController.h */ = {isa = PBXFileReference; lastKnownFileType = sourcecode.c.h; path = OFeedbackController.h; sourceTree = "<group>"; };
		772E247F213527130025DD85 /* OFeedbackController.m */ = {isa = PBXFileReference; lastKnownFileType = sourcecode.c.objc; path = OFeedbackController.m; sourceTree = "<group>"; };
		772E2481213528050025DD85 /* UITextView+Placeholder.h */ = {isa = PBXFileReference; fileEncoding = 4; lastKnownFileType = sourcecode.c.h; path = "UITextView+Placeholder.h"; sourceTree = "<group>"; };
		772E2482213528060025DD85 /* UITextView+Placeholder.m */ = {isa = PBXFileReference; fileEncoding = 4; lastKnownFileType = sourcecode.c.objc; path = "UITextView+Placeholder.m"; sourceTree = "<group>"; };
		772E248C2136B0BE0025DD85 /* NSTimer+Block.m */ = {isa = PBXFileReference; fileEncoding = 4; lastKnownFileType = sourcecode.c.objc; path = "NSTimer+Block.m"; sourceTree = "<group>"; };
		772E248D2136B0BF0025DD85 /* NSTimer+Block.h */ = {isa = PBXFileReference; fileEncoding = 4; lastKnownFileType = sourcecode.c.h; path = "NSTimer+Block.h"; sourceTree = "<group>"; };
		772E24912136C8070025DD85 /* Montage-App-Loop.mov */ = {isa = PBXFileReference; lastKnownFileType = video.quicktime; path = "Montage-App-Loop.mov"; sourceTree = "<group>"; };
		772E24932136C8DE0025DD85 /* OTickerLabel.h */ = {isa = PBXFileReference; lastKnownFileType = sourcecode.c.h; path = OTickerLabel.h; sourceTree = "<group>"; };
		772E24942136C8DE0025DD85 /* OTickerLabel.m */ = {isa = PBXFileReference; lastKnownFileType = sourcecode.c.objc; path = OTickerLabel.m; sourceTree = "<group>"; };
		77465C3B2122974300EAF97E /* NSlackObject.m */ = {isa = PBXFileReference; fileEncoding = 4; lastKnownFileType = sourcecode.c.objc; path = NSlackObject.m; sourceTree = "<group>"; };
		77465C3C2122974300EAF97E /* NSlackObject.h */ = {isa = PBXFileReference; fileEncoding = 4; lastKnownFileType = sourcecode.c.h; path = NSlackObject.h; sourceTree = "<group>"; };
		77465C4121229DCE00EAF97E /* OSettingsHeader.h */ = {isa = PBXFileReference; lastKnownFileType = sourcecode.c.h; path = OSettingsHeader.h; sourceTree = "<group>"; };
		77465C4221229DCE00EAF97E /* OSettingsHeader.m */ = {isa = PBXFileReference; lastKnownFileType = sourcecode.c.objc; path = OSettingsHeader.m; sourceTree = "<group>"; };
		77465C442124078300EAF97E /* OExportObject.h */ = {isa = PBXFileReference; lastKnownFileType = sourcecode.c.h; path = OExportObject.h; sourceTree = "<group>"; };
		77465C452124078300EAF97E /* OExportObject.m */ = {isa = PBXFileReference; lastKnownFileType = sourcecode.c.objc; path = OExportObject.m; sourceTree = "<group>"; };
		77465C4721242D6D00EAF97E /* OStoriesLayout.h */ = {isa = PBXFileReference; lastKnownFileType = sourcecode.c.h; path = OStoriesLayout.h; sourceTree = "<group>"; };
		77465C4821242D6D00EAF97E /* OStoriesLayout.m */ = {isa = PBXFileReference; lastKnownFileType = sourcecode.c.objc; path = OStoriesLayout.m; sourceTree = "<group>"; };
		77465CAA2125B7CA00EAF97E /* PHAsset+Utility.m */ = {isa = PBXFileReference; fileEncoding = 4; lastKnownFileType = sourcecode.c.objc; path = "PHAsset+Utility.m"; sourceTree = "<group>"; };
		77465CAB2125B7CA00EAF97E /* PHAsset+Utility.h */ = {isa = PBXFileReference; fileEncoding = 4; lastKnownFileType = sourcecode.c.h; path = "PHAsset+Utility.h"; sourceTree = "<group>"; };
		77465CAD2125B8CC00EAF97E /* OInformationLabel.h */ = {isa = PBXFileReference; lastKnownFileType = sourcecode.c.h; path = OInformationLabel.h; sourceTree = "<group>"; };
		77465CAE2125B8CC00EAF97E /* OInformationLabel.m */ = {isa = PBXFileReference; lastKnownFileType = sourcecode.c.objc; path = OInformationLabel.m; sourceTree = "<group>"; };
		77DF60A5211DBA4D00073439 /* Ovatar-iOS-Montage.app */ = {isa = PBXFileReference; explicitFileType = wrapper.application; includeInIndex = 0; path = "Ovatar-iOS-Montage.app"; sourceTree = BUILT_PRODUCTS_DIR; };
		77DF60A8211DBA4D00073439 /* AppDelegate.h */ = {isa = PBXFileReference; lastKnownFileType = sourcecode.c.h; path = AppDelegate.h; sourceTree = "<group>"; };
		77DF60A9211DBA4D00073439 /* AppDelegate.m */ = {isa = PBXFileReference; lastKnownFileType = sourcecode.c.objc; path = AppDelegate.m; sourceTree = "<group>"; };
		77DF60AF211DBA4D00073439 /* Base */ = {isa = PBXFileReference; lastKnownFileType = file.storyboard; name = Base; path = Base.lproj/Main.storyboard; sourceTree = "<group>"; };
		77DF60B1211DBA5200073439 /* Assets.xcassets */ = {isa = PBXFileReference; lastKnownFileType = folder.assetcatalog; path = Assets.xcassets; sourceTree = "<group>"; };
		77DF60B4211DBA5200073439 /* Base */ = {isa = PBXFileReference; lastKnownFileType = file.storyboard; name = Base; path = Base.lproj/LaunchScreen.storyboard; sourceTree = "<group>"; };
		77DF60B6211DBA5200073439 /* Info.plist */ = {isa = PBXFileReference; lastKnownFileType = text.plist.xml; path = Info.plist; sourceTree = "<group>"; };
		77DF60B7211DBA5200073439 /* main.m */ = {isa = PBXFileReference; lastKnownFileType = sourcecode.c.objc; path = main.m; sourceTree = "<group>"; };
		77DF60BD211DBA5200073439 /* Ovatar-iOS-MontageTests.xctest */ = {isa = PBXFileReference; explicitFileType = wrapper.cfbundle; includeInIndex = 0; path = "Ovatar-iOS-MontageTests.xctest"; sourceTree = BUILT_PRODUCTS_DIR; };
		77DF60C1211DBA5200073439 /* Ovatar_iOS_MontageTests.m */ = {isa = PBXFileReference; lastKnownFileType = sourcecode.c.objc; path = Ovatar_iOS_MontageTests.m; sourceTree = "<group>"; };
		77DF60C3211DBA5200073439 /* Info.plist */ = {isa = PBXFileReference; lastKnownFileType = text.plist.xml; path = Info.plist; sourceTree = "<group>"; };
		77DF60C8211DBA5200073439 /* Ovatar-iOS-MontageUITests.xctest */ = {isa = PBXFileReference; explicitFileType = wrapper.cfbundle; includeInIndex = 0; path = "Ovatar-iOS-MontageUITests.xctest"; sourceTree = BUILT_PRODUCTS_DIR; };
		77DF60CC211DBA5200073439 /* Ovatar_iOS_MontageUITests.m */ = {isa = PBXFileReference; lastKnownFileType = sourcecode.c.objc; path = Ovatar_iOS_MontageUITests.m; sourceTree = "<group>"; };
		77DF60CE211DBA5200073439 /* Info.plist */ = {isa = PBXFileReference; lastKnownFileType = text.plist.xml; path = Info.plist; sourceTree = "<group>"; };
		77DF60DB211DBA7B00073439 /* OConstants.h */ = {isa = PBXFileReference; fileEncoding = 4; lastKnownFileType = sourcecode.c.h; path = OConstants.h; sourceTree = "<group>"; };
		77DF60DD211DBA7C00073439 /* ODataModel.xcdatamodel */ = {isa = PBXFileReference; lastKnownFileType = wrapper.xcdatamodel; path = ODataModel.xcdatamodel; sourceTree = "<group>"; };
		77DF60E2211DBAA200073439 /* Muli-Black.ttf */ = {isa = PBXFileReference; lastKnownFileType = file; path = "Muli-Black.ttf"; sourceTree = "<group>"; };
		77DF60E3211DBAA200073439 /* Muli-Bold.ttf */ = {isa = PBXFileReference; lastKnownFileType = file; path = "Muli-Bold.ttf"; sourceTree = "<group>"; };
		77DF60E4211DBAA200073439 /* Muli-SemiBold.ttf */ = {isa = PBXFileReference; lastKnownFileType = file; path = "Muli-SemiBold.ttf"; sourceTree = "<group>"; };
		77DF60E5211DBAA200073439 /* Muli-Light.ttf */ = {isa = PBXFileReference; lastKnownFileType = file; path = "Muli-Light.ttf"; sourceTree = "<group>"; };
		77DF60E6211DBAA200073439 /* Muli-Regular.ttf */ = {isa = PBXFileReference; lastKnownFileType = file; path = "Muli-Regular.ttf"; sourceTree = "<group>"; };
		77DF60ED211DBAAE00073439 /* OTitleView.h */ = {isa = PBXFileReference; fileEncoding = 4; lastKnownFileType = sourcecode.c.h; path = OTitleView.h; sourceTree = "<group>"; };
		77DF60EF211DBAAE00073439 /* ODayCell.h */ = {isa = PBXFileReference; fileEncoding = 4; lastKnownFileType = sourcecode.c.h; path = ODayCell.h; sourceTree = "<group>"; };
		77DF60F0211DBAAE00073439 /* OGalleryCell.m */ = {isa = PBXFileReference; fileEncoding = 4; lastKnownFileType = sourcecode.c.objc; path = OGalleryCell.m; sourceTree = "<group>"; };
		77DF60F1211DBAAE00073439 /* OGalleryCell.h */ = {isa = PBXFileReference; fileEncoding = 4; lastKnownFileType = sourcecode.c.h; path = OGalleryCell.h; sourceTree = "<group>"; };
		77DF60F2211DBAAE00073439 /* ODayCell.m */ = {isa = PBXFileReference; fileEncoding = 4; lastKnownFileType = sourcecode.c.objc; path = ODayCell.m; sourceTree = "<group>"; };
		77DF60F4211DBAAE00073439 /* OActionButton.h */ = {isa = PBXFileReference; fileEncoding = 4; lastKnownFileType = sourcecode.c.h; path = OActionButton.h; sourceTree = "<group>"; };
		77DF60F5211DBAAE00073439 /* OTitleView.m */ = {isa = PBXFileReference; fileEncoding = 4; lastKnownFileType = sourcecode.c.objc; path = OTitleView.m; sourceTree = "<group>"; };
		77DF60F7211DBAAE00073439 /* OActionButton.m */ = {isa = PBXFileReference; fileEncoding = 4; lastKnownFileType = sourcecode.c.objc; path = OActionButton.m; sourceTree = "<group>"; };
		77DF60F9211DBAAE00073439 /* OSettingsController.m */ = {isa = PBXFileReference; fileEncoding = 4; lastKnownFileType = sourcecode.c.objc; path = OSettingsController.m; sourceTree = "<group>"; };
		77DF60FA211DBAAE00073439 /* OPresentationController.h */ = {isa = PBXFileReference; fileEncoding = 4; lastKnownFileType = sourcecode.c.h; path = OPresentationController.h; sourceTree = "<group>"; };
		77DF60FB211DBAAE00073439 /* OMainController.m */ = {isa = PBXFileReference; fileEncoding = 4; lastKnownFileType = sourcecode.c.objc; path = OMainController.m; sourceTree = "<group>"; };
		77DF60FD211DBAAE00073439 /* OSettingsController.h */ = {isa = PBXFileReference; fileEncoding = 4; lastKnownFileType = sourcecode.c.h; path = OSettingsController.h; sourceTree = "<group>"; };
		77DF60FF211DBAAE00073439 /* OGalleryPickerController.h */ = {isa = PBXFileReference; fileEncoding = 4; lastKnownFileType = sourcecode.c.h; path = OGalleryPickerController.h; sourceTree = "<group>"; };
		77DF6100211DBAAE00073439 /* OPermissionsController.h */ = {isa = PBXFileReference; fileEncoding = 4; lastKnownFileType = sourcecode.c.h; path = OPermissionsController.h; sourceTree = "<group>"; };
		77DF6101211DBAAE00073439 /* OEntryController.m */ = {isa = PBXFileReference; fileEncoding = 4; lastKnownFileType = sourcecode.c.objc; path = OEntryController.m; sourceTree = "<group>"; };
		77DF6102211DBAAE00073439 /* OGalleryPickerController.m */ = {isa = PBXFileReference; fileEncoding = 4; lastKnownFileType = sourcecode.c.objc; path = OGalleryPickerController.m; sourceTree = "<group>"; };
		77DF6103211DBAAE00073439 /* OEntryController.h */ = {isa = PBXFileReference; fileEncoding = 4; lastKnownFileType = sourcecode.c.h; path = OEntryController.h; sourceTree = "<group>"; };
		77DF6104211DBAAE00073439 /* OPermissionsController.m */ = {isa = PBXFileReference; fileEncoding = 4; lastKnownFileType = sourcecode.c.objc; path = OPermissionsController.m; sourceTree = "<group>"; };
		77DF6105211DBAAE00073439 /* OMainController.h */ = {isa = PBXFileReference; fileEncoding = 4; lastKnownFileType = sourcecode.c.h; path = OMainController.h; sourceTree = "<group>"; };
		77DF6106211DBAAE00073439 /* OPresentationController.m */ = {isa = PBXFileReference; fileEncoding = 4; lastKnownFileType = sourcecode.c.objc; path = OPresentationController.m; sourceTree = "<group>"; };
		77DF6109211DBAAE00073439 /* ODataObject.m */ = {isa = PBXFileReference; fileEncoding = 4; lastKnownFileType = sourcecode.c.objc; path = ODataObject.m; sourceTree = "<group>"; };
		77DF610A211DBAAE00073439 /* OImageObject.m */ = {isa = PBXFileReference; fileEncoding = 4; lastKnownFileType = sourcecode.c.objc; path = OImageObject.m; sourceTree = "<group>"; };
		77DF610B211DBAAE00073439 /* OPaymentObject.m */ = {isa = PBXFileReference; fileEncoding = 4; lastKnownFileType = sourcecode.c.objc; path = OPaymentObject.m; sourceTree = "<group>"; };
		77DF610C211DBAAE00073439 /* OPaymentObject.h */ = {isa = PBXFileReference; fileEncoding = 4; lastKnownFileType = sourcecode.c.h; path = OPaymentObject.h; sourceTree = "<group>"; };
		77DF610D211DBAAE00073439 /* OImageObject.h */ = {isa = PBXFileReference; fileEncoding = 4; lastKnownFileType = sourcecode.c.h; path = OImageObject.h; sourceTree = "<group>"; };
		77DF610E211DBAAE00073439 /* ODataObject.h */ = {isa = PBXFileReference; fileEncoding = 4; lastKnownFileType = sourcecode.c.h; path = ODataObject.h; sourceTree = "<group>"; };
		77DF6121211DBAD300073439 /* en */ = {isa = PBXFileReference; lastKnownFileType = text.plist.strings; name = en; path = en.lproj/Localizable.strings; sourceTree = "<group>"; };
		77DF6129211EB76F00073439 /* ONotificationView.h */ = {isa = PBXFileReference; lastKnownFileType = sourcecode.c.h; path = ONotificationView.h; sourceTree = "<group>"; };
		77DF612A211EB76F00073439 /* ONotificationView.m */ = {isa = PBXFileReference; lastKnownFileType = sourcecode.c.objc; path = ONotificationView.m; sourceTree = "<group>"; };
		77DF612C21200A9A00073439 /* OLoaderView.h */ = {isa = PBXFileReference; lastKnownFileType = sourcecode.c.h; path = OLoaderView.h; sourceTree = "<group>"; };
		77DF612D21200A9A00073439 /* OLoaderView.m */ = {isa = PBXFileReference; lastKnownFileType = sourcecode.c.objc; path = OLoaderView.m; sourceTree = "<group>"; };
		77DF612F21200E1C00073439 /* OSettingsCell.h */ = {isa = PBXFileReference; lastKnownFileType = sourcecode.c.h; path = OSettingsCell.h; sourceTree = "<group>"; };
		77DF613021200E1C00073439 /* OSettingsCell.m */ = {isa = PBXFileReference; lastKnownFileType = sourcecode.c.objc; path = OSettingsCell.m; sourceTree = "<group>"; };
		8A40DD76551E723DE30171FB /* Pods-Ovatar-iOS-MontageUITests.release.xcconfig */ = {isa = PBXFileReference; includeInIndex = 1; lastKnownFileType = text.xcconfig; name = "Pods-Ovatar-iOS-MontageUITests.release.xcconfig"; path = "Pods/Target Support Files/Pods-Ovatar-iOS-MontageUITests/Pods-Ovatar-iOS-MontageUITests.release.xcconfig"; sourceTree = "<group>"; };
		CE9298F0DE5FCB28D3686E23 /* Pods-Ovatar-iOS-Montage.release.xcconfig */ = {isa = PBXFileReference; includeInIndex = 1; lastKnownFileType = text.xcconfig; name = "Pods-Ovatar-iOS-Montage.release.xcconfig"; path = "Pods/Target Support Files/Pods-Ovatar-iOS-Montage/Pods-Ovatar-iOS-Montage.release.xcconfig"; sourceTree = "<group>"; };
		D587C41A2D1EDFE8ED6FF644 /* Pods-Ovatar-iOS-Montage.debug.xcconfig */ = {isa = PBXFileReference; includeInIndex = 1; lastKnownFileType = text.xcconfig; name = "Pods-Ovatar-iOS-Montage.debug.xcconfig"; path = "Pods/Target Support Files/Pods-Ovatar-iOS-Montage/Pods-Ovatar-iOS-Montage.debug.xcconfig"; sourceTree = "<group>"; };
		E0FAC231F6935BCB6E990D3D /* libPods-Ovatar-iOS-Montage.a */ = {isa = PBXFileReference; explicitFileType = archive.ar; includeInIndex = 0; path = "libPods-Ovatar-iOS-Montage.a"; sourceTree = BUILT_PRODUCTS_DIR; };
		E33FDB6C0028554C53A40064 /* Pods-Ovatar-iOS-MontageUITests.debug.xcconfig */ = {isa = PBXFileReference; includeInIndex = 1; lastKnownFileType = text.xcconfig; name = "Pods-Ovatar-iOS-MontageUITests.debug.xcconfig"; path = "Pods/Target Support Files/Pods-Ovatar-iOS-MontageUITests/Pods-Ovatar-iOS-MontageUITests.debug.xcconfig"; sourceTree = "<group>"; };
/* End PBXFileReference section */

/* Begin PBXFrameworksBuildPhase section */
		77DF60A2211DBA4D00073439 /* Frameworks */ = {
			isa = PBXFrameworksBuildPhase;
			buildActionMask = 2147483647;
			files = (
				E9BF044E69E635045C507491 /* libPods-Ovatar-iOS-Montage.a in Frameworks */,
			);
			runOnlyForDeploymentPostprocessing = 0;
		};
		77DF60BA211DBA5200073439 /* Frameworks */ = {
			isa = PBXFrameworksBuildPhase;
			buildActionMask = 2147483647;
			files = (
				5B17ADA53467D5E0B826B806 /* libPods-Ovatar-iOS-MontageTests.a in Frameworks */,
			);
			runOnlyForDeploymentPostprocessing = 0;
		};
		77DF60C5211DBA5200073439 /* Frameworks */ = {
			isa = PBXFrameworksBuildPhase;
			buildActionMask = 2147483647;
			files = (
				93971367691F43912D15DFB5 /* libPods-Ovatar-iOS-MontageUITests.a in Frameworks */,
			);
			runOnlyForDeploymentPostprocessing = 0;
		};
/* End PBXFrameworksBuildPhase section */

/* Begin PBXGroup section */
		4222E5C29D7C959E38D4062D /* Frameworks */ = {
			isa = PBXGroup;
			children = (
				E0FAC231F6935BCB6E990D3D /* libPods-Ovatar-iOS-Montage.a */,
				281F72D5B37504CCC52B79DD /* libPods-Ovatar-iOS-MontageTests.a */,
				5AFFEFC2AA1DB7624801A4AB /* libPods-Ovatar-iOS-MontageUITests.a */,
			);
			name = Frameworks;
			sourceTree = "<group>";
		};
		771C4A5D212D11630099EBC9 /* SFX */ = {
			isa = PBXGroup;
			children = (
				771C4A5E212D116E0099EBC9 /* complete_sfx.mp3 */,
			);
			path = SFX;
			sourceTree = "<group>";
		};
		772E2486213560490025DD85 /* Video */ = {
			isa = PBXGroup;
			children = (
				772E24912136C8070025DD85 /* Montage-App-Loop.mov */,
			);
			path = Video;
			sourceTree = "<group>";
		};
		77DF609C211DBA4D00073439 = {
			isa = PBXGroup;
			children = (
				77DF60A7211DBA4D00073439 /* Ovatar-iOS-Montage */,
				77DF60C0211DBA5200073439 /* Ovatar-iOS-MontageTests */,
				77DF60CB211DBA5200073439 /* Ovatar-iOS-MontageUITests */,
				77DF60A6211DBA4D00073439 /* Products */,
				E5E8DD1F71EBFD5F89E945D5 /* Pods */,
				4222E5C29D7C959E38D4062D /* Frameworks */,
			);
			sourceTree = "<group>";
		};
		77DF60A6211DBA4D00073439 /* Products */ = {
			isa = PBXGroup;
			children = (
				77DF60A5211DBA4D00073439 /* Ovatar-iOS-Montage.app */,
				77DF60BD211DBA5200073439 /* Ovatar-iOS-MontageTests.xctest */,
				77DF60C8211DBA5200073439 /* Ovatar-iOS-MontageUITests.xctest */,
			);
			name = Products;
			sourceTree = "<group>";
		};
		77DF60A7211DBA4D00073439 /* Ovatar-iOS-Montage */ = {
			isa = PBXGroup;
			children = (
				77DF60E0211DBAA200073439 /* Assets */,
				77DF6108211DBAAE00073439 /* Object */,
				77DF60EC211DBAAE00073439 /* Subviews */,
				77DF60F8211DBAAE00073439 /* Controllers */,
				77DF60A8211DBA4D00073439 /* AppDelegate.h */,
				77DF60A9211DBA4D00073439 /* AppDelegate.m */,
				77DF60AE211DBA4D00073439 /* Main.storyboard */,
				77DF60B1211DBA5200073439 /* Assets.xcassets */,
				77DF60B3211DBA5200073439 /* LaunchScreen.storyboard */,
				77DF60B6211DBA5200073439 /* Info.plist */,
				77DF60B7211DBA5200073439 /* main.m */,
				77DF60DB211DBA7B00073439 /* OConstants.h */,
				77DF6122211DBAD300073439 /* Localizable.strings */,
				77DF60DC211DBA7C00073439 /* ODataModel.xcdatamodeld */,
			);
			path = "Ovatar-iOS-Montage";
			sourceTree = "<group>";
		};
		77DF60C0211DBA5200073439 /* Ovatar-iOS-MontageTests */ = {
			isa = PBXGroup;
			children = (
				77DF60C1211DBA5200073439 /* Ovatar_iOS_MontageTests.m */,
				77DF60C3211DBA5200073439 /* Info.plist */,
			);
			path = "Ovatar-iOS-MontageTests";
			sourceTree = "<group>";
		};
		77DF60CB211DBA5200073439 /* Ovatar-iOS-MontageUITests */ = {
			isa = PBXGroup;
			children = (
				77DF60CC211DBA5200073439 /* Ovatar_iOS_MontageUITests.m */,
				77DF60CE211DBA5200073439 /* Info.plist */,
			);
			path = "Ovatar-iOS-MontageUITests";
			sourceTree = "<group>";
		};
		77DF60E0211DBAA200073439 /* Assets */ = {
			isa = PBXGroup;
			children = (
				772E2486213560490025DD85 /* Video */,
				771C4A5D212D11630099EBC9 /* SFX */,
				77DF60E1211DBAA200073439 /* Fonts */,
			);
			path = Assets;
			sourceTree = "<group>";
		};
		77DF60E1211DBAA200073439 /* Fonts */ = {
			isa = PBXGroup;
			children = (
				77DF60E2211DBAA200073439 /* Muli-Black.ttf */,
				77DF60E3211DBAA200073439 /* Muli-Bold.ttf */,
				77DF60E4211DBAA200073439 /* Muli-SemiBold.ttf */,
				77DF60E5211DBAA200073439 /* Muli-Light.ttf */,
				77DF60E6211DBAA200073439 /* Muli-Regular.ttf */,
			);
			path = Fonts;
			sourceTree = "<group>";
		};
		77DF60EC211DBAAE00073439 /* Subviews */ = {
			isa = PBXGroup;
			children = (
				77DF613221201C3B00073439 /* Imported */,
				77DF60EE211DBAAE00073439 /* Cells */,
				77DF60F4211DBAAE00073439 /* OActionButton.h */,
				77DF60F7211DBAAE00073439 /* OActionButton.m */,
				77DF60ED211DBAAE00073439 /* OTitleView.h */,
				77DF60F5211DBAAE00073439 /* OTitleView.m */,
				77DF6129211EB76F00073439 /* ONotificationView.h */,
				77DF612A211EB76F00073439 /* ONotificationView.m */,
				77DF612C21200A9A00073439 /* OLoaderView.h */,
				77DF612D21200A9A00073439 /* OLoaderView.m */,
				77465C4121229DCE00EAF97E /* OSettingsHeader.h */,
				77465C4221229DCE00EAF97E /* OSettingsHeader.m */,
				77465C4721242D6D00EAF97E /* OStoriesLayout.h */,
				77465C4821242D6D00EAF97E /* OStoriesLayout.m */,
				77465CAD2125B8CC00EAF97E /* OInformationLabel.h */,
				77465CAE2125B8CC00EAF97E /* OInformationLabel.m */,
				772E24932136C8DE0025DD85 /* OTickerLabel.h */,
				772E24942136C8DE0025DD85 /* OTickerLabel.m */,
			);
			path = Subviews;
			sourceTree = "<group>";
		};
		77DF60EE211DBAAE00073439 /* Cells */ = {
			isa = PBXGroup;
			children = (
				77DF60F1211DBAAE00073439 /* OGalleryCell.h */,
				77DF60F0211DBAAE00073439 /* OGalleryCell.m */,
				77DF60EF211DBAAE00073439 /* ODayCell.h */,
				77DF60F2211DBAAE00073439 /* ODayCell.m */,
				77DF612F21200E1C00073439 /* OSettingsCell.h */,
				77DF613021200E1C00073439 /* OSettingsCell.m */,
			);
			path = Cells;
			sourceTree = "<group>";
		};
		77DF60F8211DBAAE00073439 /* Controllers */ = {
			isa = PBXGroup;
			children = (
				77DF60FE211DBAAE00073439 /* Subview */,
				77DF60FD211DBAAE00073439 /* OSettingsController.h */,
				77DF60F9211DBAAE00073439 /* OSettingsController.m */,
				77DF6105211DBAAE00073439 /* OMainController.h */,
				77DF60FB211DBAAE00073439 /* OMainController.m */,
				77DF60FA211DBAAE00073439 /* OPresentationController.h */,
				77DF6106211DBAAE00073439 /* OPresentationController.m */,
			);
			path = Controllers;
			sourceTree = "<group>";
		};
		77DF60FE211DBAAE00073439 /* Subview */ = {
			isa = PBXGroup;
			children = (
				77DF6100211DBAAE00073439 /* OPermissionsController.h */,
				77DF6104211DBAAE00073439 /* OPermissionsController.m */,
				77DF6103211DBAAE00073439 /* OEntryController.h */,
				77DF6101211DBAAE00073439 /* OEntryController.m */,
				77DF60FF211DBAAE00073439 /* OGalleryPickerController.h */,
				77DF6102211DBAAE00073439 /* OGalleryPickerController.m */,
				772E247E213527130025DD85 /* OFeedbackController.h */,
				772E247F213527130025DD85 /* OFeedbackController.m */,
			);
			path = Subview;
			sourceTree = "<group>";
		};
		77DF6108211DBAAE00073439 /* Object */ = {
			isa = PBXGroup;
			children = (
				77DF610E211DBAAE00073439 /* ODataObject.h */,
				77DF6109211DBAAE00073439 /* ODataObject.m */,
				77DF610D211DBAAE00073439 /* OImageObject.h */,
				77DF610A211DBAAE00073439 /* OImageObject.m */,
				77DF610C211DBAAE00073439 /* OPaymentObject.h */,
				77DF610B211DBAAE00073439 /* OPaymentObject.m */,
				77465C442124078300EAF97E /* OExportObject.h */,
				77465C452124078300EAF97E /* OExportObject.m */,
			);
			path = Object;
			sourceTree = "<group>";
		};
		77DF613221201C3B00073439 /* Imported */ = {
			isa = PBXGroup;
			children = (
				772E2481213528050025DD85 /* UITextView+Placeholder.h */,
				772E2482213528060025DD85 /* UITextView+Placeholder.m */,
				77465CAB2125B7CA00EAF97E /* PHAsset+Utility.h */,
				77465CAA2125B7CA00EAF97E /* PHAsset+Utility.m */,
				77465C3C2122974300EAF97E /* NSlackObject.h */,
				77465C3B2122974300EAF97E /* NSlackObject.m */,
				772E248D2136B0BF0025DD85 /* NSTimer+Block.h */,
				772E248C2136B0BE0025DD85 /* NSTimer+Block.m */,
			);
			path = Imported;
			sourceTree = "<group>";
		};
		E5E8DD1F71EBFD5F89E945D5 /* Pods */ = {
			isa = PBXGroup;
			children = (
				D587C41A2D1EDFE8ED6FF644 /* Pods-Ovatar-iOS-Montage.debug.xcconfig */,
				CE9298F0DE5FCB28D3686E23 /* Pods-Ovatar-iOS-Montage.release.xcconfig */,
				4FC9D68DF616759529730870 /* Pods-Ovatar-iOS-MontageTests.debug.xcconfig */,
				3C5E8396CE143657E33DDA8A /* Pods-Ovatar-iOS-MontageTests.release.xcconfig */,
				E33FDB6C0028554C53A40064 /* Pods-Ovatar-iOS-MontageUITests.debug.xcconfig */,
				8A40DD76551E723DE30171FB /* Pods-Ovatar-iOS-MontageUITests.release.xcconfig */,
			);
			name = Pods;
			sourceTree = "<group>";
		};
/* End PBXGroup section */

/* Begin PBXNativeTarget section */
		77DF60A4211DBA4D00073439 /* Ovatar-iOS-Montage */ = {
			isa = PBXNativeTarget;
			buildConfigurationList = 77DF60D1211DBA5200073439 /* Build configuration list for PBXNativeTarget "Ovatar-iOS-Montage" */;
			buildPhases = (
				04A4DCF8DD4B66AEE4455939 /* [CP] Check Pods Manifest.lock */,
				77DF60A1211DBA4D00073439 /* Sources */,
				77DF60A2211DBA4D00073439 /* Frameworks */,
				77DF60A3211DBA4D00073439 /* Resources */,
				E22DF159AD7241D003F23A40 /* [CP] Copy Pods Resources */,
			);
			buildRules = (
			);
			dependencies = (
			);
			name = "Ovatar-iOS-Montage";
			productName = "Ovatar-iOS-Montage";
			productReference = 77DF60A5211DBA4D00073439 /* Ovatar-iOS-Montage.app */;
			productType = "com.apple.product-type.application";
		};
		77DF60BC211DBA5200073439 /* Ovatar-iOS-MontageTests */ = {
			isa = PBXNativeTarget;
			buildConfigurationList = 77DF60D4211DBA5200073439 /* Build configuration list for PBXNativeTarget "Ovatar-iOS-MontageTests" */;
			buildPhases = (
				F3B72F2DDBEF3A8DDC9C09EE /* [CP] Check Pods Manifest.lock */,
				77DF60B9211DBA5200073439 /* Sources */,
				77DF60BA211DBA5200073439 /* Frameworks */,
				77DF60BB211DBA5200073439 /* Resources */,
			);
			buildRules = (
			);
			dependencies = (
				77DF60BF211DBA5200073439 /* PBXTargetDependency */,
			);
			name = "Ovatar-iOS-MontageTests";
			productName = "Ovatar-iOS-MontageTests";
			productReference = 77DF60BD211DBA5200073439 /* Ovatar-iOS-MontageTests.xctest */;
			productType = "com.apple.product-type.bundle.unit-test";
		};
		77DF60C7211DBA5200073439 /* Ovatar-iOS-MontageUITests */ = {
			isa = PBXNativeTarget;
			buildConfigurationList = 77DF60D7211DBA5200073439 /* Build configuration list for PBXNativeTarget "Ovatar-iOS-MontageUITests" */;
			buildPhases = (
				095A59CE585692699E8A9DF3 /* [CP] Check Pods Manifest.lock */,
				77DF60C4211DBA5200073439 /* Sources */,
				77DF60C5211DBA5200073439 /* Frameworks */,
				77DF60C6211DBA5200073439 /* Resources */,
			);
			buildRules = (
			);
			dependencies = (
				77DF60CA211DBA5200073439 /* PBXTargetDependency */,
			);
			name = "Ovatar-iOS-MontageUITests";
			productName = "Ovatar-iOS-MontageUITests";
			productReference = 77DF60C8211DBA5200073439 /* Ovatar-iOS-MontageUITests.xctest */;
			productType = "com.apple.product-type.bundle.ui-testing";
		};
/* End PBXNativeTarget section */

/* Begin PBXProject section */
		77DF609D211DBA4D00073439 /* Project object */ = {
			isa = PBXProject;
			attributes = {
				LastUpgradeCheck = 0940;
				ORGANIZATIONNAME = Ovatar;
				TargetAttributes = {
					77DF60A4211DBA4D00073439 = {
						CreatedOnToolsVersion = 9.4;
						LastSwiftMigration = 0940;
					};
					77DF60BC211DBA5200073439 = {
						CreatedOnToolsVersion = 9.4;
						TestTargetID = 77DF60A4211DBA4D00073439;
					};
					77DF60C7211DBA5200073439 = {
						CreatedOnToolsVersion = 9.4;
						TestTargetID = 77DF60A4211DBA4D00073439;
					};
				};
			};
			buildConfigurationList = 77DF60A0211DBA4D00073439 /* Build configuration list for PBXProject "Ovatar-iOS-Montage" */;
			compatibilityVersion = "Xcode 9.3";
			developmentRegion = en;
			hasScannedForEncodings = 0;
			knownRegions = (
				en,
				Base,
			);
			mainGroup = 77DF609C211DBA4D00073439;
			productRefGroup = 77DF60A6211DBA4D00073439 /* Products */;
			projectDirPath = "";
			projectRoot = "";
			targets = (
				77DF60A4211DBA4D00073439 /* Ovatar-iOS-Montage */,
				77DF60BC211DBA5200073439 /* Ovatar-iOS-MontageTests */,
				77DF60C7211DBA5200073439 /* Ovatar-iOS-MontageUITests */,
			);
		};
/* End PBXProject section */

/* Begin PBXResourcesBuildPhase section */
		77DF60A3211DBA4D00073439 /* Resources */ = {
			isa = PBXResourcesBuildPhase;
			buildActionMask = 2147483647;
			files = (
				772E24922136C8070025DD85 /* Montage-App-Loop.mov in Resources */,
				77DF60E9211DBAA200073439 /* Muli-SemiBold.ttf in Resources */,
				77DF60B5211DBA5200073439 /* LaunchScreen.storyboard in Resources */,
				77DF60EB211DBAA200073439 /* Muli-Regular.ttf in Resources */,
				77DF60E8211DBAA200073439 /* Muli-Bold.ttf in Resources */,
				77DF6120211DBAD300073439 /* Localizable.strings in Resources */,
				77DF60B2211DBA5200073439 /* Assets.xcassets in Resources */,
				77DF60B0211DBA4D00073439 /* Main.storyboard in Resources */,
				77DF60E7211DBAA200073439 /* Muli-Black.ttf in Resources */,
				77DF60EA211DBAA200073439 /* Muli-Light.ttf in Resources */,
				771C4A5F212D116E0099EBC9 /* complete_sfx.mp3 in Resources */,
			);
			runOnlyForDeploymentPostprocessing = 0;
		};
		77DF60BB211DBA5200073439 /* Resources */ = {
			isa = PBXResourcesBuildPhase;
			buildActionMask = 2147483647;
			files = (
			);
			runOnlyForDeploymentPostprocessing = 0;
		};
		77DF60C6211DBA5200073439 /* Resources */ = {
			isa = PBXResourcesBuildPhase;
			buildActionMask = 2147483647;
			files = (
			);
			runOnlyForDeploymentPostprocessing = 0;
		};
/* End PBXResourcesBuildPhase section */

/* Begin PBXShellScriptBuildPhase section */
		04A4DCF8DD4B66AEE4455939 /* [CP] Check Pods Manifest.lock */ = {
			isa = PBXShellScriptBuildPhase;
			buildActionMask = 2147483647;
			files = (
			);
			inputPaths = (
				"${PODS_PODFILE_DIR_PATH}/Podfile.lock",
				"${PODS_ROOT}/Manifest.lock",
			);
			name = "[CP] Check Pods Manifest.lock";
			outputPaths = (
				"$(DERIVED_FILE_DIR)/Pods-Ovatar-iOS-Montage-checkManifestLockResult.txt",
			);
			runOnlyForDeploymentPostprocessing = 0;
			shellPath = /bin/sh;
			shellScript = "diff \"${PODS_PODFILE_DIR_PATH}/Podfile.lock\" \"${PODS_ROOT}/Manifest.lock\" > /dev/null\nif [ $? != 0 ] ; then\n    # print error to STDERR\n    echo \"error: The sandbox is not in sync with the Podfile.lock. Run 'pod install' or update your CocoaPods installation.\" >&2\n    exit 1\nfi\n# This output is used by Xcode 'outputs' to avoid re-running this script phase.\necho \"SUCCESS\" > \"${SCRIPT_OUTPUT_FILE_0}\"\n";
			showEnvVarsInLog = 0;
		};
		095A59CE585692699E8A9DF3 /* [CP] Check Pods Manifest.lock */ = {
			isa = PBXShellScriptBuildPhase;
			buildActionMask = 2147483647;
			files = (
			);
			inputPaths = (
				"${PODS_PODFILE_DIR_PATH}/Podfile.lock",
				"${PODS_ROOT}/Manifest.lock",
			);
			name = "[CP] Check Pods Manifest.lock";
			outputPaths = (
				"$(DERIVED_FILE_DIR)/Pods-Ovatar-iOS-MontageUITests-checkManifestLockResult.txt",
			);
			runOnlyForDeploymentPostprocessing = 0;
			shellPath = /bin/sh;
			shellScript = "diff \"${PODS_PODFILE_DIR_PATH}/Podfile.lock\" \"${PODS_ROOT}/Manifest.lock\" > /dev/null\nif [ $? != 0 ] ; then\n    # print error to STDERR\n    echo \"error: The sandbox is not in sync with the Podfile.lock. Run 'pod install' or update your CocoaPods installation.\" >&2\n    exit 1\nfi\n# This output is used by Xcode 'outputs' to avoid re-running this script phase.\necho \"SUCCESS\" > \"${SCRIPT_OUTPUT_FILE_0}\"\n";
			showEnvVarsInLog = 0;
		};
		E22DF159AD7241D003F23A40 /* [CP] Copy Pods Resources */ = {
			isa = PBXShellScriptBuildPhase;
			buildActionMask = 2147483647;
			files = (
			);
			inputPaths = (
				"${SRCROOT}/Pods/Target Support Files/Pods-Ovatar-iOS-Montage/Pods-Ovatar-iOS-Montage-resources.sh",
				"${PODS_CONFIGURATION_BUILD_DIR}/BLMultiColorLoader/BLMultiColorLoader.bundle",
				"${PODS_ROOT}/Mixpanel/Mixpanel/Images/MPArrowLeft.png",
				"${PODS_ROOT}/Mixpanel/Mixpanel/Images/MPArrowLeft@2x.png",
				"${PODS_ROOT}/Mixpanel/Mixpanel/Images/MPArrowRight.png",
				"${PODS_ROOT}/Mixpanel/Mixpanel/Images/MPArrowRight@2x.png",
				"${PODS_ROOT}/Mixpanel/Mixpanel/Images/MPCheckmark.png",
				"${PODS_ROOT}/Mixpanel/Mixpanel/Images/MPCheckmark@2x.png",
				"${PODS_ROOT}/Mixpanel/Mixpanel/Images/MPCloseButton.png",
				"${PODS_ROOT}/Mixpanel/Mixpanel/Images/MPCloseButton@2x.png",
				"${PODS_ROOT}/Mixpanel/Mixpanel/Images/MPCloseButton@3x.png",
				"${PODS_ROOT}/Mixpanel/Mixpanel/Images/MPDismissKeyboard.png",
				"${PODS_ROOT}/Mixpanel/Mixpanel/Images/MPDismissKeyboard@2x.png",
				"${PODS_ROOT}/Mixpanel/Mixpanel/Images/MPLogo.png",
				"${PODS_ROOT}/Mixpanel/Mixpanel/Images/MPLogo@2x.png",
				"${PODS_ROOT}/Mixpanel/Mixpanel/Images/placeholder-image.png",
				"${PODS_ROOT}/Mixpanel/Mixpanel/MPTakeoverNotificationViewController~ipad.xib",
				"${PODS_ROOT}/Mixpanel/Mixpanel/MPTakeoverNotificationViewController~iphonelandscape.xib",
				"${PODS_ROOT}/Mixpanel/Mixpanel/MPTakeoverNotificationViewController~iphoneportrait.xib",
			);
			name = "[CP] Copy Pods Resources";
			outputPaths = (
				"${TARGET_BUILD_DIR}/${UNLOCALIZED_RESOURCES_FOLDER_PATH}/BLMultiColorLoader.bundle",
				"${TARGET_BUILD_DIR}/${UNLOCALIZED_RESOURCES_FOLDER_PATH}/MPArrowLeft.png",
				"${TARGET_BUILD_DIR}/${UNLOCALIZED_RESOURCES_FOLDER_PATH}/MPArrowLeft@2x.png",
				"${TARGET_BUILD_DIR}/${UNLOCALIZED_RESOURCES_FOLDER_PATH}/MPArrowRight.png",
				"${TARGET_BUILD_DIR}/${UNLOCALIZED_RESOURCES_FOLDER_PATH}/MPArrowRight@2x.png",
				"${TARGET_BUILD_DIR}/${UNLOCALIZED_RESOURCES_FOLDER_PATH}/MPCheckmark.png",
				"${TARGET_BUILD_DIR}/${UNLOCALIZED_RESOURCES_FOLDER_PATH}/MPCheckmark@2x.png",
				"${TARGET_BUILD_DIR}/${UNLOCALIZED_RESOURCES_FOLDER_PATH}/MPCloseButton.png",
				"${TARGET_BUILD_DIR}/${UNLOCALIZED_RESOURCES_FOLDER_PATH}/MPCloseButton@2x.png",
				"${TARGET_BUILD_DIR}/${UNLOCALIZED_RESOURCES_FOLDER_PATH}/MPCloseButton@3x.png",
				"${TARGET_BUILD_DIR}/${UNLOCALIZED_RESOURCES_FOLDER_PATH}/MPDismissKeyboard.png",
				"${TARGET_BUILD_DIR}/${UNLOCALIZED_RESOURCES_FOLDER_PATH}/MPDismissKeyboard@2x.png",
				"${TARGET_BUILD_DIR}/${UNLOCALIZED_RESOURCES_FOLDER_PATH}/MPLogo.png",
				"${TARGET_BUILD_DIR}/${UNLOCALIZED_RESOURCES_FOLDER_PATH}/MPLogo@2x.png",
				"${TARGET_BUILD_DIR}/${UNLOCALIZED_RESOURCES_FOLDER_PATH}/placeholder-image.png",
				"${TARGET_BUILD_DIR}/${UNLOCALIZED_RESOURCES_FOLDER_PATH}/MPTakeoverNotificationViewController~ipad.nib",
				"${TARGET_BUILD_DIR}/${UNLOCALIZED_RESOURCES_FOLDER_PATH}/MPTakeoverNotificationViewController~iphonelandscape.nib",
				"${TARGET_BUILD_DIR}/${UNLOCALIZED_RESOURCES_FOLDER_PATH}/MPTakeoverNotificationViewController~iphoneportrait.nib",
			);
			runOnlyForDeploymentPostprocessing = 0;
			shellPath = /bin/sh;
			shellScript = "\"${SRCROOT}/Pods/Target Support Files/Pods-Ovatar-iOS-Montage/Pods-Ovatar-iOS-Montage-resources.sh\"\n";
			showEnvVarsInLog = 0;
		};
		F3B72F2DDBEF3A8DDC9C09EE /* [CP] Check Pods Manifest.lock */ = {
			isa = PBXShellScriptBuildPhase;
			buildActionMask = 2147483647;
			files = (
			);
			inputPaths = (
				"${PODS_PODFILE_DIR_PATH}/Podfile.lock",
				"${PODS_ROOT}/Manifest.lock",
			);
			name = "[CP] Check Pods Manifest.lock";
			outputPaths = (
				"$(DERIVED_FILE_DIR)/Pods-Ovatar-iOS-MontageTests-checkManifestLockResult.txt",
			);
			runOnlyForDeploymentPostprocessing = 0;
			shellPath = /bin/sh;
			shellScript = "diff \"${PODS_PODFILE_DIR_PATH}/Podfile.lock\" \"${PODS_ROOT}/Manifest.lock\" > /dev/null\nif [ $? != 0 ] ; then\n    # print error to STDERR\n    echo \"error: The sandbox is not in sync with the Podfile.lock. Run 'pod install' or update your CocoaPods installation.\" >&2\n    exit 1\nfi\n# This output is used by Xcode 'outputs' to avoid re-running this script phase.\necho \"SUCCESS\" > \"${SCRIPT_OUTPUT_FILE_0}\"\n";
			showEnvVarsInLog = 0;
		};
/* End PBXShellScriptBuildPhase section */

/* Begin PBXSourcesBuildPhase section */
		77DF60A1211DBA4D00073439 /* Sources */ = {
			isa = PBXSourcesBuildPhase;
			buildActionMask = 2147483647;
			files = (
				77DF6114211DBAAE00073439 /* OSettingsController.m in Sources */,
				77DF610F211DBAAE00073439 /* OGalleryCell.m in Sources */,
				772E248E2136B0BF0025DD85 /* NSTimer+Block.m in Sources */,
				77DF6116211DBAAE00073439 /* OEntryController.m in Sources */,
				77DF611D211DBAAE00073439 /* OPaymentObject.m in Sources */,
				77DF6115211DBAAE00073439 /* OMainController.m in Sources */,
				77DF6119211DBAAE00073439 /* OPresentationController.m in Sources */,
				77DF613121200E1C00073439 /* OSettingsCell.m in Sources */,
				772E2483213528060025DD85 /* UITextView+Placeholder.m in Sources */,
				77DF60DF211DBA7C00073439 /* ODataModel.xcdatamodeld in Sources */,
				77DF6118211DBAAE00073439 /* OPermissionsController.m in Sources */,
				77DF611C211DBAAE00073439 /* OImageObject.m in Sources */,
				77DF6112211DBAAE00073439 /* OTitleView.m in Sources */,
				77465C3D2122974300EAF97E /* NSlackObject.m in Sources */,
				77DF60B8211DBA5200073439 /* main.m in Sources */,
				77465C462124078300EAF97E /* OExportObject.m in Sources */,
				77465CAF2125B8CC00EAF97E /* OInformationLabel.m in Sources */,
				77DF6110211DBAAE00073439 /* ODayCell.m in Sources */,
				77DF611B211DBAAE00073439 /* ODataObject.m in Sources */,
				77465C4921242D6D00EAF97E /* OStoriesLayout.m in Sources */,
				77DF60AA211DBA4D00073439 /* AppDelegate.m in Sources */,
				772E24952136C8DE0025DD85 /* OTickerLabel.m in Sources */,
				77DF6113211DBAAE00073439 /* OActionButton.m in Sources */,
				772E2480213527130025DD85 /* OFeedbackController.m in Sources */,
				77465CAC2125B7CA00EAF97E /* PHAsset+Utility.m in Sources */,
				77DF612E21200A9A00073439 /* OLoaderView.m in Sources */,
				77465C4321229DCE00EAF97E /* OSettingsHeader.m in Sources */,
				77DF612B211EB76F00073439 /* ONotificationView.m in Sources */,
				77DF6117211DBAAE00073439 /* OGalleryPickerController.m in Sources */,
			);
			runOnlyForDeploymentPostprocessing = 0;
		};
		77DF60B9211DBA5200073439 /* Sources */ = {
			isa = PBXSourcesBuildPhase;
			buildActionMask = 2147483647;
			files = (
				77DF60C2211DBA5200073439 /* Ovatar_iOS_MontageTests.m in Sources */,
			);
			runOnlyForDeploymentPostprocessing = 0;
		};
		77DF60C4211DBA5200073439 /* Sources */ = {
			isa = PBXSourcesBuildPhase;
			buildActionMask = 2147483647;
			files = (
				77DF60CD211DBA5200073439 /* Ovatar_iOS_MontageUITests.m in Sources */,
			);
			runOnlyForDeploymentPostprocessing = 0;
		};
/* End PBXSourcesBuildPhase section */

/* Begin PBXTargetDependency section */
		77DF60BF211DBA5200073439 /* PBXTargetDependency */ = {
			isa = PBXTargetDependency;
			target = 77DF60A4211DBA4D00073439 /* Ovatar-iOS-Montage */;
			targetProxy = 77DF60BE211DBA5200073439 /* PBXContainerItemProxy */;
		};
		77DF60CA211DBA5200073439 /* PBXTargetDependency */ = {
			isa = PBXTargetDependency;
			target = 77DF60A4211DBA4D00073439 /* Ovatar-iOS-Montage */;
			targetProxy = 77DF60C9211DBA5200073439 /* PBXContainerItemProxy */;
		};
/* End PBXTargetDependency section */

/* Begin PBXVariantGroup section */
		77DF60AE211DBA4D00073439 /* Main.storyboard */ = {
			isa = PBXVariantGroup;
			children = (
				77DF60AF211DBA4D00073439 /* Base */,
			);
			name = Main.storyboard;
			sourceTree = "<group>";
		};
		77DF60B3211DBA5200073439 /* LaunchScreen.storyboard */ = {
			isa = PBXVariantGroup;
			children = (
				77DF60B4211DBA5200073439 /* Base */,
			);
			name = LaunchScreen.storyboard;
			sourceTree = "<group>";
		};
		77DF6122211DBAD300073439 /* Localizable.strings */ = {
			isa = PBXVariantGroup;
			children = (
				77DF6121211DBAD300073439 /* en */,
			);
			name = Localizable.strings;
			sourceTree = "<group>";
		};
/* End PBXVariantGroup section */

/* Begin XCBuildConfiguration section */
		77DF60CF211DBA5200073439 /* Debug */ = {
			isa = XCBuildConfiguration;
			buildSettings = {
				ALWAYS_SEARCH_USER_PATHS = NO;
				CLANG_ANALYZER_NONNULL = YES;
				CLANG_ANALYZER_NUMBER_OBJECT_CONVERSION = YES_AGGRESSIVE;
				CLANG_CXX_LANGUAGE_STANDARD = "gnu++14";
				CLANG_CXX_LIBRARY = "libc++";
				CLANG_ENABLE_MODULES = YES;
				CLANG_ENABLE_OBJC_ARC = YES;
				CLANG_ENABLE_OBJC_WEAK = YES;
				CLANG_WARN_BLOCK_CAPTURE_AUTORELEASING = YES;
				CLANG_WARN_BOOL_CONVERSION = YES;
				CLANG_WARN_COMMA = YES;
				CLANG_WARN_CONSTANT_CONVERSION = YES;
				CLANG_WARN_DEPRECATED_OBJC_IMPLEMENTATIONS = YES;
				CLANG_WARN_DIRECT_OBJC_ISA_USAGE = YES_ERROR;
				CLANG_WARN_DOCUMENTATION_COMMENTS = YES;
				CLANG_WARN_EMPTY_BODY = YES;
				CLANG_WARN_ENUM_CONVERSION = YES;
				CLANG_WARN_INFINITE_RECURSION = YES;
				CLANG_WARN_INT_CONVERSION = YES;
				CLANG_WARN_NON_LITERAL_NULL_CONVERSION = YES;
				CLANG_WARN_OBJC_IMPLICIT_RETAIN_SELF = YES;
				CLANG_WARN_OBJC_LITERAL_CONVERSION = YES;
				CLANG_WARN_OBJC_ROOT_CLASS = YES_ERROR;
				CLANG_WARN_RANGE_LOOP_ANALYSIS = YES;
				CLANG_WARN_STRICT_PROTOTYPES = YES;
				CLANG_WARN_SUSPICIOUS_MOVE = YES;
				CLANG_WARN_UNGUARDED_AVAILABILITY = YES_AGGRESSIVE;
				CLANG_WARN_UNREACHABLE_CODE = YES;
				CLANG_WARN__DUPLICATE_METHOD_MATCH = YES;
				CODE_SIGN_IDENTITY = "iPhone Developer";
				COPY_PHASE_STRIP = NO;
				DEBUG_INFORMATION_FORMAT = dwarf;
				DEFINES_MODULE = YES;
				ENABLE_STRICT_OBJC_MSGSEND = YES;
				ENABLE_TESTABILITY = YES;
				GCC_C_LANGUAGE_STANDARD = gnu11;
				GCC_DYNAMIC_NO_PIC = NO;
				GCC_NO_COMMON_BLOCKS = YES;
				GCC_OPTIMIZATION_LEVEL = 0;
				GCC_PREPROCESSOR_DEFINITIONS = (
					"DEBUG=1",
					"$(inherited)",
				);
				GCC_WARN_64_TO_32_BIT_CONVERSION = YES;
				GCC_WARN_ABOUT_RETURN_TYPE = YES_ERROR;
				GCC_WARN_UNDECLARED_SELECTOR = YES;
				GCC_WARN_UNINITIALIZED_AUTOS = YES_AGGRESSIVE;
				GCC_WARN_UNUSED_FUNCTION = YES;
				GCC_WARN_UNUSED_VARIABLE = YES;
				IPHONEOS_DEPLOYMENT_TARGET = 11.4;
				MTL_ENABLE_DEBUG_INFO = YES;
				ONLY_ACTIVE_ARCH = YES;
				SDKROOT = iphoneos;
			};
			name = Debug;
		};
		77DF60D0211DBA5200073439 /* Release */ = {
			isa = XCBuildConfiguration;
			buildSettings = {
				ALWAYS_SEARCH_USER_PATHS = NO;
				CLANG_ANALYZER_NONNULL = YES;
				CLANG_ANALYZER_NUMBER_OBJECT_CONVERSION = YES_AGGRESSIVE;
				CLANG_CXX_LANGUAGE_STANDARD = "gnu++14";
				CLANG_CXX_LIBRARY = "libc++";
				CLANG_ENABLE_MODULES = YES;
				CLANG_ENABLE_OBJC_ARC = YES;
				CLANG_ENABLE_OBJC_WEAK = YES;
				CLANG_WARN_BLOCK_CAPTURE_AUTORELEASING = YES;
				CLANG_WARN_BOOL_CONVERSION = YES;
				CLANG_WARN_COMMA = YES;
				CLANG_WARN_CONSTANT_CONVERSION = YES;
				CLANG_WARN_DEPRECATED_OBJC_IMPLEMENTATIONS = YES;
				CLANG_WARN_DIRECT_OBJC_ISA_USAGE = YES_ERROR;
				CLANG_WARN_DOCUMENTATION_COMMENTS = YES;
				CLANG_WARN_EMPTY_BODY = YES;
				CLANG_WARN_ENUM_CONVERSION = YES;
				CLANG_WARN_INFINITE_RECURSION = YES;
				CLANG_WARN_INT_CONVERSION = YES;
				CLANG_WARN_NON_LITERAL_NULL_CONVERSION = YES;
				CLANG_WARN_OBJC_IMPLICIT_RETAIN_SELF = YES;
				CLANG_WARN_OBJC_LITERAL_CONVERSION = YES;
				CLANG_WARN_OBJC_ROOT_CLASS = YES_ERROR;
				CLANG_WARN_RANGE_LOOP_ANALYSIS = YES;
				CLANG_WARN_STRICT_PROTOTYPES = YES;
				CLANG_WARN_SUSPICIOUS_MOVE = YES;
				CLANG_WARN_UNGUARDED_AVAILABILITY = YES_AGGRESSIVE;
				CLANG_WARN_UNREACHABLE_CODE = YES;
				CLANG_WARN__DUPLICATE_METHOD_MATCH = YES;
				CODE_SIGN_IDENTITY = "iPhone Developer";
				COPY_PHASE_STRIP = NO;
				DEBUG_INFORMATION_FORMAT = "dwarf-with-dsym";
				DEFINES_MODULE = YES;
				ENABLE_NS_ASSERTIONS = NO;
				ENABLE_STRICT_OBJC_MSGSEND = YES;
				GCC_C_LANGUAGE_STANDARD = gnu11;
				GCC_NO_COMMON_BLOCKS = YES;
				GCC_WARN_64_TO_32_BIT_CONVERSION = YES;
				GCC_WARN_ABOUT_RETURN_TYPE = YES_ERROR;
				GCC_WARN_UNDECLARED_SELECTOR = YES;
				GCC_WARN_UNINITIALIZED_AUTOS = YES_AGGRESSIVE;
				GCC_WARN_UNUSED_FUNCTION = YES;
				GCC_WARN_UNUSED_VARIABLE = YES;
				IPHONEOS_DEPLOYMENT_TARGET = 11.4;
				MTL_ENABLE_DEBUG_INFO = NO;
				SDKROOT = iphoneos;
				VALIDATE_PRODUCT = YES;
			};
			name = Release;
		};
		77DF60D2211DBA5200073439 /* Debug */ = {
			isa = XCBuildConfiguration;
			baseConfigurationReference = D587C41A2D1EDFE8ED6FF644 /* Pods-Ovatar-iOS-Montage.debug.xcconfig */;
			buildSettings = {
				ASSETCATALOG_COMPILER_APPICON_NAME = AppIcon;
				CLANG_ENABLE_MODULES = YES;
				CODE_SIGN_STYLE = Automatic;
				DEFINES_MODULE = NO;
				DEVELOPMENT_TEAM = 2TG3C5JT66;
				INFOPLIST_FILE = "Ovatar-iOS-Montage/Info.plist";
				IPHONEOS_DEPLOYMENT_TARGET = 10.0;
				LD_RUNPATH_SEARCH_PATHS = (
					"$(inherited)",
					"@executable_path/Frameworks",
				);
				PRODUCT_BUNDLE_IDENTIFIER = com.ovatar.montage;
				PRODUCT_NAME = "$(TARGET_NAME)";
				SWIFT_OPTIMIZATION_LEVEL = "-Onone";
				SWIFT_VERSION = 3.0;
				TARGETED_DEVICE_FAMILY = "1,2";
			};
			name = Debug;
		};
		77DF60D3211DBA5200073439 /* Release */ = {
			isa = XCBuildConfiguration;
			baseConfigurationReference = CE9298F0DE5FCB28D3686E23 /* Pods-Ovatar-iOS-Montage.release.xcconfig */;
			buildSettings = {
				ASSETCATALOG_COMPILER_APPICON_NAME = AppIcon;
				CLANG_ENABLE_MODULES = YES;
				CODE_SIGN_STYLE = Automatic;
				DEFINES_MODULE = NO;
				DEVELOPMENT_TEAM = 2TG3C5JT66;
				INFOPLIST_FILE = "Ovatar-iOS-Montage/Info.plist";
				IPHONEOS_DEPLOYMENT_TARGET = 10.0;
				LD_RUNPATH_SEARCH_PATHS = (
					"$(inherited)",
					"@executable_path/Frameworks",
				);
				PRODUCT_BUNDLE_IDENTIFIER = com.ovatar.montage;
				PRODUCT_NAME = "$(TARGET_NAME)";
				SWIFT_VERSION = 3.0;
				TARGETED_DEVICE_FAMILY = "1,2";
			};
			name = Release;
		};
		77DF60D5211DBA5200073439 /* Debug */ = {
			isa = XCBuildConfiguration;
			baseConfigurationReference = 4FC9D68DF616759529730870 /* Pods-Ovatar-iOS-MontageTests.debug.xcconfig */;
			buildSettings = {
				BUNDLE_LOADER = "$(TEST_HOST)";
				CODE_SIGN_STYLE = Automatic;
				DEVELOPMENT_TEAM = 2TG3C5JT66;
				INFOPLIST_FILE = "Ovatar-iOS-MontageTests/Info.plist";
				LD_RUNPATH_SEARCH_PATHS = (
					"$(inherited)",
					"@executable_path/Frameworks",
					"@loader_path/Frameworks",
				);
				PRODUCT_BUNDLE_IDENTIFIER = "NorthernSparkUK.Ovatar-iOS-MontageTests";
				PRODUCT_NAME = "$(TARGET_NAME)";
				TARGETED_DEVICE_FAMILY = "1,2";
				TEST_HOST = "$(BUILT_PRODUCTS_DIR)/Ovatar-iOS-Montage.app/Ovatar-iOS-Montage";
			};
			name = Debug;
		};
		77DF60D6211DBA5200073439 /* Release */ = {
			isa = XCBuildConfiguration;
			baseConfigurationReference = 3C5E8396CE143657E33DDA8A /* Pods-Ovatar-iOS-MontageTests.release.xcconfig */;
			buildSettings = {
				BUNDLE_LOADER = "$(TEST_HOST)";
				CODE_SIGN_STYLE = Automatic;
				DEVELOPMENT_TEAM = 2TG3C5JT66;
				INFOPLIST_FILE = "Ovatar-iOS-MontageTests/Info.plist";
				LD_RUNPATH_SEARCH_PATHS = (
					"$(inherited)",
					"@executable_path/Frameworks",
					"@loader_path/Frameworks",
				);
				PRODUCT_BUNDLE_IDENTIFIER = "NorthernSparkUK.Ovatar-iOS-MontageTests";
				PRODUCT_NAME = "$(TARGET_NAME)";
				TARGETED_DEVICE_FAMILY = "1,2";
				TEST_HOST = "$(BUILT_PRODUCTS_DIR)/Ovatar-iOS-Montage.app/Ovatar-iOS-Montage";
			};
			name = Release;
		};
		77DF60D8211DBA5200073439 /* Debug */ = {
			isa = XCBuildConfiguration;
			baseConfigurationReference = E33FDB6C0028554C53A40064 /* Pods-Ovatar-iOS-MontageUITests.debug.xcconfig */;
			buildSettings = {
				CODE_SIGN_STYLE = Automatic;
				DEVELOPMENT_TEAM = 2TG3C5JT66;
				INFOPLIST_FILE = "Ovatar-iOS-MontageUITests/Info.plist";
				LD_RUNPATH_SEARCH_PATHS = (
					"$(inherited)",
					"@executable_path/Frameworks",
					"@loader_path/Frameworks",
				);
				PRODUCT_BUNDLE_IDENTIFIER = "NorthernSparkUK.Ovatar-iOS-MontageUITests";
				PRODUCT_NAME = "$(TARGET_NAME)";
				TARGETED_DEVICE_FAMILY = "1,2";
				TEST_TARGET_NAME = "Ovatar-iOS-Montage";
			};
			name = Debug;
		};
		77DF60D9211DBA5200073439 /* Release */ = {
			isa = XCBuildConfiguration;
			baseConfigurationReference = 8A40DD76551E723DE30171FB /* Pods-Ovatar-iOS-MontageUITests.release.xcconfig */;
			buildSettings = {
				CODE_SIGN_STYLE = Automatic;
				DEVELOPMENT_TEAM = 2TG3C5JT66;
				INFOPLIST_FILE = "Ovatar-iOS-MontageUITests/Info.plist";
				LD_RUNPATH_SEARCH_PATHS = (
					"$(inherited)",
					"@executable_path/Frameworks",
					"@loader_path/Frameworks",
				);
				PRODUCT_BUNDLE_IDENTIFIER = "NorthernSparkUK.Ovatar-iOS-MontageUITests";
				PRODUCT_NAME = "$(TARGET_NAME)";
				TARGETED_DEVICE_FAMILY = "1,2";
				TEST_TARGET_NAME = "Ovatar-iOS-Montage";
			};
			name = Release;
		};
/* End XCBuildConfiguration section */

/* Begin XCConfigurationList section */
		77DF60A0211DBA4D00073439 /* Build configuration list for PBXProject "Ovatar-iOS-Montage" */ = {
			isa = XCConfigurationList;
			buildConfigurations = (
				77DF60CF211DBA5200073439 /* Debug */,
				77DF60D0211DBA5200073439 /* Release */,
			);
			defaultConfigurationIsVisible = 0;
			defaultConfigurationName = Release;
		};
		77DF60D1211DBA5200073439 /* Build configuration list for PBXNativeTarget "Ovatar-iOS-Montage" */ = {
			isa = XCConfigurationList;
			buildConfigurations = (
				77DF60D2211DBA5200073439 /* Debug */,
				77DF60D3211DBA5200073439 /* Release */,
			);
			defaultConfigurationIsVisible = 0;
			defaultConfigurationName = Release;
		};
		77DF60D4211DBA5200073439 /* Build configuration list for PBXNativeTarget "Ovatar-iOS-MontageTests" */ = {
			isa = XCConfigurationList;
			buildConfigurations = (
				77DF60D5211DBA5200073439 /* Debug */,
				77DF60D6211DBA5200073439 /* Release */,
			);
			defaultConfigurationIsVisible = 0;
			defaultConfigurationName = Release;
		};
		77DF60D7211DBA5200073439 /* Build configuration list for PBXNativeTarget "Ovatar-iOS-MontageUITests" */ = {
			isa = XCConfigurationList;
			buildConfigurations = (
				77DF60D8211DBA5200073439 /* Debug */,
				77DF60D9211DBA5200073439 /* Release */,
			);
			defaultConfigurationIsVisible = 0;
			defaultConfigurationName = Release;
		};
/* End XCConfigurationList section */

/* Begin XCVersionGroup section */
		77DF60DC211DBA7C00073439 /* ODataModel.xcdatamodeld */ = {
			isa = XCVersionGroup;
			children = (
				77DF60DD211DBA7C00073439 /* ODataModel.xcdatamodel */,
			);
			currentVersion = 77DF60DD211DBA7C00073439 /* ODataModel.xcdatamodel */;
			path = ODataModel.xcdatamodeld;
			sourceTree = "<group>";
			versionGroupType = wrapper.xcdatamodel;
		};
/* End XCVersionGroup section */
	};
	rootObject = 77DF609D211DBA4D00073439 /* Project object */;
}
